
Microsoft Visual Studio Solution File, Format Version 12.00
# Visual Studio Version 16
VisualStudioVersion = 16.0.31515.178
MinimumVisualStudioVersion = 10.0.40219.1
Project("{FAE04EC0-301F-11D3-BF4B-00C04F79EFBC}") = "Lab5", "Lab5\Lab5.csproj", "{5BA46EB1-415E-4C58-8AFA-5E5DFE860C80}"
EndProject
Global
	GlobalSection(SolutionConfigurationPlatforms) = preSolution
		Debug|Any CPU = Debug|Any CPU
		Release|Any CPU = Release|Any CPU
	EndGlobalSection
	GlobalSection(ProjectConfigurationPlatforms) = postSolution
		{5BA46EB1-415E-4C58-8AFA-5E5DFE860C80}.Debug|Any CPU.ActiveCfg = Debug|Any CPU
		{5BA46EB1-415E-4C58-8AFA-5E5DFE860C80}.Debug|Any CPU.Build.0 = Debug|Any CPU
		{5BA46EB1-415E-4C58-8AFA-5E5DFE860C80}.Release|Any CPU.ActiveCfg = Release|Any CPU
		{5BA46EB1-415E-4C58-8AFA-5E5DFE860C80}.Release|Any CPU.Build.0 = Release|Any CPU
	EndGlobalSection
	GlobalSection(SolutionProperties) = preSolution
		HideSolutionNode = FALSE
	EndGlobalSection
	GlobalSection(ExtensibilityGlobals) = postSolution
		SolutionGuid = {9765791F-AC60-475F-A801-93EBE5EADA7B}
	EndGlobalSection
EndGlobal
